
Microsoft Visual Studio Solution File, Format Version 12.00
# Visual Studio Version 17
VisualStudioVersion = 17.5.002.0
MinimumVisualStudioVersion = 10.0.40219.1
Project("{9A19103F-16F7-4668-BE54-9A1E7A4F7556}") = "Biblioteca", "Biblioteca.csproj", "{548723D5-20FC-4026-BF7C-DE28C5BEE1BB}"
EndProject
Global
	GlobalSection(SolutionConfigurationPlatforms) = preSolution
		Debug|Any CPU = Debug|Any CPU
		Release|Any CPU = Release|Any CPU
	EndGlobalSection
	GlobalSection(ProjectConfigurationPlatforms) = postSolution
		{548723D5-20FC-4026-BF7C-DE28C5BEE1BB}.Debug|Any CPU.ActiveCfg = Debug|Any CPU
		{548723D5-20FC-4026-BF7C-DE28C5BEE1BB}.Debug|Any CPU.Build.0 = Debug|Any CPU
		{548723D5-20FC-4026-BF7C-DE28C5BEE1BB}.Release|Any CPU.ActiveCfg = Release|Any CPU
		{548723D5-20FC-4026-BF7C-DE28C5BEE1BB}.Release|Any CPU.Build.0 = Release|Any CPU
	EndGlobalSection
	GlobalSection(SolutionProperties) = preSolution
		HideSolutionNode = FALSE
	EndGlobalSection
	GlobalSection(ExtensibilityGlobals) = postSolution
		SolutionGuid = {FB8F6DC9-07E1-4372-960E-A7E530ACA2BF}
	EndGlobalSection
EndGlobal
